
Microsoft Visual Studio Solution File, Format Version 12.00
# Visual Studio 15
VisualStudioVersion = 15.0.26730.16
MinimumVisualStudioVersion = 10.0.40219.1
Project("{FAE04EC0-301F-11D3-BF4B-00C04F79EFBC}") = "Washing Machine", "Washing Machine\Washing Machine.csproj", "{AD8D63F6-6855-46A4-9DB0-7E1083F8E0E1}"
EndProject
Global
	GlobalSection(SolutionConfigurationPlatforms) = preSolution
		Debug|Any CPU = Debug|Any CPU
		Release|Any CPU = Release|Any CPU
	EndGlobalSection
	GlobalSection(ProjectConfigurationPlatforms) = postSolution
		{AD8D63F6-6855-46A4-9DB0-7E1083F8E0E1}.Debug|Any CPU.ActiveCfg = Debug|Any CPU
		{AD8D63F6-6855-46A4-9DB0-7E1083F8E0E1}.Debug|Any CPU.Build.0 = Debug|Any CPU
		{AD8D63F6-6855-46A4-9DB0-7E1083F8E0E1}.Release|Any CPU.ActiveCfg = Release|Any CPU
		{AD8D63F6-6855-46A4-9DB0-7E1083F8E0E1}.Release|Any CPU.Build.0 = Release|Any CPU
	EndGlobalSection
	GlobalSection(SolutionProperties) = preSolution
		HideSolutionNode = FALSE
	EndGlobalSection
	GlobalSection(ExtensibilityGlobals) = postSolution
		SolutionGuid = {E71B9080-AA6F-4DBB-B132-C149EE95CE26}
	EndGlobalSection
EndGlobal
